// !$*UTF8*$!
{
	archiveVersion = 1;
	classes = {
	};
	objectVersion = 50;
	objects = {

/* Begin PBXBuildFile section */
		9BEEC13F210A6C8F00EEF651 /* main.swift in Sources */ = {isa = PBXBuildFile; fileRef = 9BEEC13E210A6C8F00EEF651 /* main.swift */; };
		9BEEC147210A6CC100EEF651 /* Vehicle.swift in Sources */ = {isa = PBXBuildFile; fileRef = 9BEEC146210A6CC100EEF651 /* Vehicle.swift */; };
		9BEEC149210A6D4600EEF651 /* MotorCycle.swift in Sources */ = {isa = PBXBuildFile; fileRef = 9BEEC148210A6D4600EEF651 /* MotorCycle.swift */; };
		9BEEC14B210A6D6E00EEF651 /* Car.swift in Sources */ = {isa = PBXBuildFile; fileRef = 9BEEC14A210A6D6E00EEF651 /* Car.swift */; };
		9BEEC14D210A6DAC00EEF651 /* IDisplay.swift in Sources */ = {isa = PBXBuildFile; fileRef = 9BEEC14C210A6DAC00EEF651 /* IDisplay.swift */; };
		9BEEC14F210A6E8A00EEF651 /* PartTime.swift in Sources */ = {isa = PBXBuildFile; fileRef = 9BEEC14E210A6E8A00EEF651 /* PartTime.swift */; };
		9BEEC151210A6EB800EEF651 /* FullTime.swift in Sources */ = {isa = PBXBuildFile; fileRef = 9BEEC150210A6EB800EEF651 /* FullTime.swift */; };
		9BEEC153210A6ED700EEF651 /* Employee.swift in Sources */ = {isa = PBXBuildFile; fileRef = 9BEEC152210A6ED700EEF651 /* Employee.swift */; };
		9BEEC155210A6EF600EEF651 /* CommisionBased.swift in Sources */ = {isa = PBXBuildFile; fileRef = 9BEEC154210A6EF600EEF651 /* CommisionBased.swift */; };
		9BEEC157210A6F1400EEF651 /* Intern.swift in Sources */ = {isa = PBXBuildFile; fileRef = 9BEEC156210A6F1400EEF651 /* Intern.swift */; };
/* End PBXBuildFile section */

/* Begin PBXCopyFilesBuildPhase section */
		9BEEC139210A6C8F00EEF651 /* CopyFiles */ = {
			isa = PBXCopyFilesBuildPhase;
			buildActionMask = 2147483647;
			dstPath = /usr/share/man/man1/;
			dstSubfolderSpec = 0;
			files = (
			);
			runOnlyForDeploymentPostprocessing = 1;
		};
/* End PBXCopyFilesBuildPhase section */

/* Begin PBXFileReference section */
		9BEEC13B210A6C8F00EEF651 /* Group5_C0736042_S2018_MAD3004_FinalProject */ = {isa = PBXFileReference; explicitFileType = "compiled.mach-o.executable"; includeInIndex = 0; path = Group5_C0736042_S2018_MAD3004_FinalProject; sourceTree = BUILT_PRODUCTS_DIR; };
		9BEEC13E210A6C8F00EEF651 /* main.swift */ = {isa = PBXFileReference; lastKnownFileType = sourcecode.swift; path = main.swift; sourceTree = "<group>"; };
		9BEEC146210A6CC100EEF651 /* Vehicle.swift */ = {isa = PBXFileReference; lastKnownFileType = sourcecode.swift; path = Vehicle.swift; sourceTree = "<group>"; };
		9BEEC148210A6D4600EEF651 /* MotorCycle.swift */ = {isa = PBXFileReference; lastKnownFileType = sourcecode.swift; path = MotorCycle.swift; sourceTree = "<group>"; };
		9BEEC14A210A6D6E00EEF651 /* Car.swift */ = {isa = PBXFileReference; lastKnownFileType = sourcecode.swift; path = Car.swift; sourceTree = "<group>"; };
		9BEEC14C210A6DAC00EEF651 /* IDisplay.swift */ = {isa = PBXFileReference; lastKnownFileType = sourcecode.swift; path = IDisplay.swift; sourceTree = "<group>"; };
		9BEEC14E210A6E8A00EEF651 /* PartTime.swift */ = {isa = PBXFileReference; lastKnownFileType = sourcecode.swift; path = PartTime.swift; sourceTree = "<group>"; };
		9BEEC150210A6EB800EEF651 /* FullTime.swift */ = {isa = PBXFileReference; lastKnownFileType = sourcecode.swift; path = FullTime.swift; sourceTree = "<group>"; };
		9BEEC152210A6ED700EEF651 /* Employee.swift */ = {isa = PBXFileReference; lastKnownFileType = sourcecode.swift; path = Employee.swift; sourceTree = "<group>"; };
		9BEEC154210A6EF600EEF651 /* CommisionBased.swift */ = {isa = PBXFileReference; lastKnownFileType = sourcecode.swift; path = CommisionBased.swift; sourceTree = "<group>"; };
		9BEEC156210A6F1400EEF651 /* Intern.swift */ = {isa = PBXFileReference; lastKnownFileType = sourcecode.swift; path = Intern.swift; sourceTree = "<group>"; };
/* End PBXFileReference section */

/* Begin PBXFrameworksBuildPhase section */
		9BEEC138210A6C8F00EEF651 /* Frameworks */ = {
			isa = PBXFrameworksBuildPhase;
			buildActionMask = 2147483647;
			files = (
			);
			runOnlyForDeploymentPostprocessing = 0;
		};
/* End PBXFrameworksBuildPhase section */

/* Begin PBXGroup section */
		9BEEC132210A6C8F00EEF651 = {
			isa = PBXGroup;
			children = (
				9BEEC13D210A6C8F00EEF651 /* Group5_C0736042_S2018_MAD3004_FinalProject */,
				9BEEC13C210A6C8F00EEF651 /* Products */,
			);
			sourceTree = "<group>";
		};
		9BEEC13C210A6C8F00EEF651 /* Products */ = {
			isa = PBXGroup;
			children = (
				9BEEC13B210A6C8F00EEF651 /* Group5_C0736042_S2018_MAD3004_FinalProject */,
			);
			name = Products;
			sourceTree = "<group>";
		};
		9BEEC13D210A6C8F00EEF651 /* Group5_C0736042_S2018_MAD3004_FinalProject */ = {
			isa = PBXGroup;
			children = (
				9BEEC145210A6CA700EEF651 /* Classes */,
				9BEEC13E210A6C8F00EEF651 /* main.swift */,
			);
			path = Group5_C0736042_S2018_MAD3004_FinalProject;
			sourceTree = "<group>";
		};
		9BEEC145210A6CA700EEF651 /* Classes */ = {
			isa = PBXGroup;
			children = (
				9BEEC146210A6CC100EEF651 /* Vehicle.swift */,
				9BEEC148210A6D4600EEF651 /* MotorCycle.swift */,
				9BEEC14A210A6D6E00EEF651 /* Car.swift */,
				9BEEC14C210A6DAC00EEF651 /* IDisplay.swift */,
				9BEEC14E210A6E8A00EEF651 /* PartTime.swift */,
				9BEEC150210A6EB800EEF651 /* FullTime.swift */,
				9BEEC152210A6ED700EEF651 /* Employee.swift */,
				9BEEC154210A6EF600EEF651 /* CommisionBased.swift */,
				9BEEC156210A6F1400EEF651 /* Intern.swift */,
			);
			path = Classes;
			sourceTree = "<group>";
		};
/* End PBXGroup section */

/* Begin PBXNativeTarget section */
		9BEEC13A210A6C8F00EEF651 /* Group5_C0736042_S2018_MAD3004_FinalProject */ = {
			isa = PBXNativeTarget;
			buildConfigurationList = 9BEEC142210A6C8F00EEF651 /* Build configuration list for PBXNativeTarget "Group5_C0736042_S2018_MAD3004_FinalProject" */;
			buildPhases = (
				9BEEC137210A6C8F00EEF651 /* Sources */,
				9BEEC138210A6C8F00EEF651 /* Frameworks */,
				9BEEC139210A6C8F00EEF651 /* CopyFiles */,
			);
			buildRules = (
			);
			dependencies = (
			);
			name = Group5_C0736042_S2018_MAD3004_FinalProject;
			productName = Group5_C0736042_S2018_MAD3004_FinalProject;
			productReference = 9BEEC13B210A6C8F00EEF651 /* Group5_C0736042_S2018_MAD3004_FinalProject */;
			productType = "com.apple.product-type.tool";
		};
/* End PBXNativeTarget section */

/* Begin PBXProject section */
		9BEEC133210A6C8F00EEF651 /* Project object */ = {
			isa = PBXProject;
			attributes = {
				LastSwiftUpdateCheck = 0930;
				LastUpgradeCheck = 0930;
				ORGANIZATIONNAME = MacStudent;
				TargetAttributes = {
					9BEEC13A210A6C8F00EEF651 = {
						CreatedOnToolsVersion = 9.3;
					};
				};
			};
			buildConfigurationList = 9BEEC136210A6C8F00EEF651 /* Build configuration list for PBXProject "Group5_C0736042_S2018_MAD3004_FinalProject" */;
			compatibilityVersion = "Xcode 9.3";
			developmentRegion = en;
			hasScannedForEncodings = 0;
			knownRegions = (
				en,
			);
			mainGroup = 9BEEC132210A6C8F00EEF651;
			productRefGroup = 9BEEC13C210A6C8F00EEF651 /* Products */;
			projectDirPath = "";
			projectRoot = "";
			targets = (
				9BEEC13A210A6C8F00EEF651 /* Group5_C0736042_S2018_MAD3004_FinalProject */,
			);
		};
/* End PBXProject section */

/* Begin PBXSourcesBuildPhase section */
		9BEEC137210A6C8F00EEF651 /* Sources */ = {
			isa = PBXSourcesBuildPhase;
			buildActionMask = 2147483647;
			files = (
				9BEEC147210A6CC100EEF651 /* Vehicle.swift in Sources */,
				9BEEC153210A6ED700EEF651 /* Employee.swift in Sources */,
				9BEEC13F210A6C8F00EEF651 /* main.swift in Sources */,
				9BEEC14B210A6D6E00EEF651 /* Car.swift in Sources */,
				9BEEC14F210A6E8A00EEF651 /* PartTime.swift in Sources */,
				9BEEC157210A6F1400EEF651 /* Intern.swift in Sources */,
				9BEEC14D210A6DAC00EEF651 /* IDisplay.swift in Sources */,
				9BEEC155210A6EF600EEF651 /* CommisionBased.swift in Sources */,
				9BEEC149210A6D4600EEF651 /* MotorCycle.swift in Sources */,
				9BEEC151210A6EB800EEF651 /* FullTime.swift in Sources */,
			);
			runOnlyForDeploymentPostprocessing = 0;
		};
/* End PBXSourcesBuildPhase section */

/* Begin XCBuildConfiguration section */
		9BEEC140210A6C8F00EEF651 /* Debug */ = {
			isa = XCBuildConfiguration;
			buildSettings = {
				ALWAYS_SEARCH_USER_PATHS = NO;
				CLANG_ANALYZER_NONNULL = YES;
				CLANG_ANALYZER_NUMBER_OBJECT_CONVERSION = YES_AGGRESSIVE;
				CLANG_CXX_LANGUAGE_STANDARD = "gnu++14";
				CLANG_CXX_LIBRARY = "libc++";
				CLANG_ENABLE_MODULES = YES;
				CLANG_ENABLE_OBJC_ARC = YES;
				CLANG_ENABLE_OBJC_WEAK = YES;
				CLANG_WARN_BLOCK_CAPTURE_AUTORELEASING = YES;
				CLANG_WARN_BOOL_CONVERSION = YES;
				CLANG_WARN_COMMA = YES;
				CLANG_WARN_CONSTANT_CONVERSION = YES;
				CLANG_WARN_DEPRECATED_OBJC_IMPLEMENTATIONS = YES;
				CLANG_WARN_DIRECT_OBJC_ISA_USAGE = YES_ERROR;
				CLANG_WARN_DOCUMENTATION_COMMENTS = YES;
				CLANG_WARN_EMPTY_BODY = YES;
				CLANG_WARN_ENUM_CONVERSION = YES;
				CLANG_WARN_INFINITE_RECURSION = YES;
				CLANG_WARN_INT_CONVERSION = YES;
				CLANG_WARN_NON_LITERAL_NULL_CONVERSION = YES;
				CLANG_WARN_OBJC_IMPLICIT_RETAIN_SELF = YES;
				CLANG_WARN_OBJC_LITERAL_CONVERSION = YES;
				CLANG_WARN_OBJC_ROOT_CLASS = YES_ERROR;
				CLANG_WARN_RANGE_LOOP_ANALYSIS = YES;
				CLANG_WARN_STRICT_PROTOTYPES = YES;
				CLANG_WARN_SUSPICIOUS_MOVE = YES;
				CLANG_WARN_UNGUARDED_AVAILABILITY = YES_AGGRESSIVE;
				CLANG_WARN_UNREACHABLE_CODE = YES;
				CLANG_WARN__DUPLICATE_METHOD_MATCH = YES;
				CODE_SIGN_IDENTITY = "-";
				COPY_PHASE_STRIP = NO;
				DEBUG_INFORMATION_FORMAT = dwarf;
				ENABLE_STRICT_OBJC_MSGSEND = YES;
				ENABLE_TESTABILITY = YES;
				GCC_C_LANGUAGE_STANDARD = gnu11;
				GCC_DYNAMIC_NO_PIC = NO;
				GCC_NO_COMMON_BLOCKS = YES;
				GCC_OPTIMIZATION_LEVEL = 0;
				GCC_PREPROCESSOR_DEFINITIONS = (
					"DEBUG=1",
					"$(inherited)",
				);
				GCC_WARN_64_TO_32_BIT_CONVERSION = YES;
				GCC_WARN_ABOUT_RETURN_TYPE = YES_ERROR;
				GCC_WARN_UNDECLARED_SELECTOR = YES;
				GCC_WARN_UNINITIALIZED_AUTOS = YES_AGGRESSIVE;
				GCC_WARN_UNUSED_FUNCTION = YES;
				GCC_WARN_UNUSED_VARIABLE = YES;
				MACOSX_DEPLOYMENT_TARGET = 10.13;
				MTL_ENABLE_DEBUG_INFO = YES;
				ONLY_ACTIVE_ARCH = YES;
				SDKROOT = macosx;
				SWIFT_ACTIVE_COMPILATION_CONDITIONS = DEBUG;
				SWIFT_OPTIMIZATION_LEVEL = "-Onone";
			};
			name = Debug;
		};
		9BEEC141210A6C8F00EEF651 /* Release */ = {
			isa = XCBuildConfiguration;
			buildSettings = {
				ALWAYS_SEARCH_USER_PATHS = NO;
				CLANG_ANALYZER_NONNULL = YES;
				CLANG_ANALYZER_NUMBER_OBJECT_CONVERSION = YES_AGGRESSIVE;
				CLANG_CXX_LANGUAGE_STANDARD = "gnu++14";
				CLANG_CXX_LIBRARY = "libc++";
				CLANG_ENABLE_MODULES = YES;
				CLANG_ENABLE_OBJC_ARC = YES;
				CLANG_ENABLE_OBJC_WEAK = YES;
				CLANG_WARN_BLOCK_CAPTURE_AUTORELEASING = YES;
				CLANG_WARN_BOOL_CONVERSION = YES;
				CLANG_WARN_COMMA = YES;
				CLANG_WARN_CONSTANT_CONVERSION = YES;
				CLANG_WARN_DEPRECATED_OBJC_IMPLEMENTATIONS = YES;
				CLANG_WARN_DIRECT_OBJC_ISA_USAGE = YES_ERROR;
				CLANG_WARN_DOCUMENTATION_COMMENTS = YES;
				CLANG_WARN_EMPTY_BODY = YES;
				CLANG_WARN_ENUM_CONVERSION = YES;
				CLANG_WARN_INFINITE_RECURSION = YES;
				CLANG_WARN_INT_CONVERSION = YES;
				CLANG_WARN_NON_LITERAL_NULL_CONVERSION = YES;
				CLANG_WARN_OBJC_IMPLICIT_RETAIN_SELF = YES;
				CLANG_WARN_OBJC_LITERAL_CONVERSION = YES;
				CLANG_WARN_OBJC_ROOT_CLASS = YES_ERROR;
				CLANG_WARN_RANGE_LOOP_ANALYSIS = YES;
				CLANG_WARN_STRICT_PROTOTYPES = YES;
				CLANG_WARN_SUSPICIOUS_MOVE = YES;
				CLANG_WARN_UNGUARDED_AVAILABILITY = YES_AGGRESSIVE;
				CLANG_WARN_UNREACHABLE_CODE = YES;
				CLANG_WARN__DUPLICATE_METHOD_MATCH = YES;
				CODE_SIGN_IDENTITY = "-";
				COPY_PHASE_STRIP = NO;
				DEBUG_INFORMATION_FORMAT = "dwarf-with-dsym";
				ENABLE_NS_ASSERTIONS = NO;
				ENABLE_STRICT_OBJC_MSGSEND = YES;
				GCC_C_LANGUAGE_STANDARD = gnu11;
				GCC_NO_COMMON_BLOCKS = YES;
				GCC_WARN_64_TO_32_BIT_CONVERSION = YES;
				GCC_WARN_ABOUT_RETURN_TYPE = YES_ERROR;
				GCC_WARN_UNDECLARED_SELECTOR = YES;
				GCC_WARN_UNINITIALIZED_AUTOS = YES_AGGRESSIVE;
				GCC_WARN_UNUSED_FUNCTION = YES;
				GCC_WARN_UNUSED_VARIABLE = YES;
				MACOSX_DEPLOYMENT_TARGET = 10.13;
				MTL_ENABLE_DEBUG_INFO = NO;
				SDKROOT = macosx;
				SWIFT_COMPILATION_MODE = wholemodule;
				SWIFT_OPTIMIZATION_LEVEL = "-O";
			};
			name = Release;
		};
		9BEEC143210A6C8F00EEF651 /* Debug */ = {
			isa = XCBuildConfiguration;
			buildSettings = {
				CODE_SIGN_STYLE = Automatic;
				PRODUCT_NAME = "$(TARGET_NAME)";
				SWIFT_VERSION = 4.0;
			};
			name = Debug;
		};
		9BEEC144210A6C8F00EEF651 /* Release */ = {
			isa = XCBuildConfiguration;
			buildSettings = {
				CODE_SIGN_STYLE = Automatic;
				PRODUCT_NAME = "$(TARGET_NAME)";
				SWIFT_VERSION = 4.0;
			};
			name = Release;
		};
/* End XCBuildConfiguration section */

/* Begin XCConfigurationList section */
		9BEEC136210A6C8F00EEF651 /* Build configuration list for PBXProject "Group5_C0736042_S2018_MAD3004_FinalProject" */ = {
			isa = XCConfigurationList;
			buildConfigurations = (
				9BEEC140210A6C8F00EEF651 /* Debug */,
				9BEEC141210A6C8F00EEF651 /* Release */,
			);
			defaultConfigurationIsVisible = 0;
			defaultConfigurationName = Release;
		};
		9BEEC142210A6C8F00EEF651 /* Build configuration list for PBXNativeTarget "Group5_C0736042_S2018_MAD3004_FinalProject" */ = {
			isa = XCConfigurationList;
			buildConfigurations = (
				9BEEC143210A6C8F00EEF651 /* Debug */,
				9BEEC144210A6C8F00EEF651 /* Release */,
			);
			defaultConfigurationIsVisible = 0;
			defaultConfigurationName = Release;
		};
/* End XCConfigurationList section */
	};
	rootObject = 9BEEC133210A6C8F00EEF651 /* Project object */;
}
